// !$*UTF8*$!
{
	archiveVersion = 1;
	classes = {
	};
	objectVersion = 50;
	objects = {

/* Begin PBXBuildFile section */
		3215250D22CF3FF8008B5785 /* AppDelegate.swift in Sources */ = {isa = PBXBuildFile; fileRef = 3215250C22CF3FF8008B5785 /* AppDelegate.swift */; };
		3215250F22CF3FF8008B5785 /* ViewController.swift in Sources */ = {isa = PBXBuildFile; fileRef = 3215250E22CF3FF8008B5785 /* ViewController.swift */; };
		3215251222CF3FF8008B5785 /* Main.storyboard in Resources */ = {isa = PBXBuildFile; fileRef = 3215251022CF3FF8008B5785 /* Main.storyboard */; };
		3215251522CF3FF8008B5785 /* TextAnimTry.xcdatamodeld in Sources */ = {isa = PBXBuildFile; fileRef = 3215251322CF3FF8008B5785 /* TextAnimTry.xcdatamodeld */; };
		3215251722CF4000008B5785 /* Assets.xcassets in Resources */ = {isa = PBXBuildFile; fileRef = 3215251622CF4000008B5785 /* Assets.xcassets */; };
		3215251A22CF4000008B5785 /* LaunchScreen.storyboard in Resources */ = {isa = PBXBuildFile; fileRef = 3215251822CF4000008B5785 /* LaunchScreen.storyboard */; };
		3215252222CF4127008B5785 /* UIColorExtension.swift in Sources */ = {isa = PBXBuildFile; fileRef = 3215252122CF4127008B5785 /* UIColorExtension.swift */; };
/* End PBXBuildFile section */

/* Begin PBXFileReference section */
		3215250922CF3FF8008B5785 /* TextAnimTry.app */ = {isa = PBXFileReference; explicitFileType = wrapper.application; includeInIndex = 0; path = TextAnimTry.app; sourceTree = BUILT_PRODUCTS_DIR; };
		3215250C22CF3FF8008B5785 /* AppDelegate.swift */ = {isa = PBXFileReference; lastKnownFileType = sourcecode.swift; path = AppDelegate.swift; sourceTree = "<group>"; };
		3215250E22CF3FF8008B5785 /* ViewController.swift */ = {isa = PBXFileReference; lastKnownFileType = sourcecode.swift; path = ViewController.swift; sourceTree = "<group>"; };
		3215251122CF3FF8008B5785 /* Base */ = {isa = PBXFileReference; lastKnownFileType = file.storyboard; name = Base; path = Base.lproj/Main.storyboard; sourceTree = "<group>"; };
		3215251422CF3FF8008B5785 /* TextAnimTry.xcdatamodel */ = {isa = PBXFileReference; lastKnownFileType = wrapper.xcdatamodel; path = TextAnimTry.xcdatamodel; sourceTree = "<group>"; };
		3215251622CF4000008B5785 /* Assets.xcassets */ = {isa = PBXFileReference; lastKnownFileType = folder.assetcatalog; path = Assets.xcassets; sourceTree = "<group>"; };
		3215251922CF4000008B5785 /* Base */ = {isa = PBXFileReference; lastKnownFileType = file.storyboard; name = Base; path = Base.lproj/LaunchScreen.storyboard; sourceTree = "<group>"; };
		3215251B22CF4000008B5785 /* Info.plist */ = {isa = PBXFileReference; lastKnownFileType = text.plist.xml; path = Info.plist; sourceTree = "<group>"; };
		3215252122CF4127008B5785 /* UIColorExtension.swift */ = {isa = PBXFileReference; lastKnownFileType = sourcecode.swift; path = UIColorExtension.swift; sourceTree = "<group>"; };
/* End PBXFileReference section */

/* Begin PBXFrameworksBuildPhase section */
		3215250622CF3FF8008B5785 /* Frameworks */ = {
			isa = PBXFrameworksBuildPhase;
			buildActionMask = 2147483647;
			files = (
			);
			runOnlyForDeploymentPostprocessing = 0;
		};
/* End PBXFrameworksBuildPhase section */

/* Begin PBXGroup section */
		3215250022CF3FF7008B5785 = {
			isa = PBXGroup;
			children = (
				3215250B22CF3FF8008B5785 /* TextAnimTry */,
				3215250A22CF3FF8008B5785 /* Products */,
			);
			sourceTree = "<group>";
		};
		3215250A22CF3FF8008B5785 /* Products */ = {
			isa = PBXGroup;
			children = (
				3215250922CF3FF8008B5785 /* TextAnimTry.app */,
			);
			name = Products;
			sourceTree = "<group>";
		};
		3215250B22CF3FF8008B5785 /* TextAnimTry */ = {
			isa = PBXGroup;
			children = (
				3215250C22CF3FF8008B5785 /* AppDelegate.swift */,
				3215250E22CF3FF8008B5785 /* ViewController.swift */,
				3215251022CF3FF8008B5785 /* Main.storyboard */,
				3215251622CF4000008B5785 /* Assets.xcassets */,
				3215251822CF4000008B5785 /* LaunchScreen.storyboard */,
				3215251B22CF4000008B5785 /* Info.plist */,
				3215251322CF3FF8008B5785 /* TextAnimTry.xcdatamodeld */,
				3215252122CF4127008B5785 /* UIColorExtension.swift */,
			);
			path = TextAnimTry;
			sourceTree = "<group>";
		};
/* End PBXGroup section */

/* Begin PBXNativeTarget section */
		3215250822CF3FF8008B5785 /* TextAnimTry */ = {
			isa = PBXNativeTarget;
			buildConfigurationList = 3215251E22CF4000008B5785 /* Build configuration list for PBXNativeTarget "TextAnimTry" */;
			buildPhases = (
				3215250522CF3FF8008B5785 /* Sources */,
				3215250622CF3FF8008B5785 /* Frameworks */,
				3215250722CF3FF8008B5785 /* Resources */,
			);
			buildRules = (
			);
			dependencies = (
			);
			name = TextAnimTry;
			productName = TextAnimTry;
			productReference = 3215250922CF3FF8008B5785 /* TextAnimTry.app */;
			productType = "com.apple.product-type.application";
		};
/* End PBXNativeTarget section */

/* Begin PBXProject section */
		3215250122CF3FF7008B5785 /* Project object */ = {
			isa = PBXProject;
			attributes = {
				LastSwiftUpdateCheck = 1020;
				LastUpgradeCheck = 1020;
				ORGANIZATIONNAME = OmarALqabbani;
				TargetAttributes = {
					3215250822CF3FF8008B5785 = {
						CreatedOnToolsVersion = 10.2.1;
					};
				};
			};
			buildConfigurationList = 3215250422CF3FF7008B5785 /* Build configuration list for PBXProject "TextAnimTry" */;
			compatibilityVersion = "Xcode 9.3";
			developmentRegion = en;
			hasScannedForEncodings = 0;
			knownRegions = (
				en,
				Base,
			);
			mainGroup = 3215250022CF3FF7008B5785;
			productRefGroup = 3215250A22CF3FF8008B5785 /* Products */;
			projectDirPath = "";
			projectRoot = "";
			targets = (
				3215250822CF3FF8008B5785 /* TextAnimTry */,
			);
		};
/* End PBXProject section */

/* Begin PBXResourcesBuildPhase section */
		3215250722CF3FF8008B5785 /* Resources */ = {
			isa = PBXResourcesBuildPhase;
			buildActionMask = 2147483647;
			files = (
				3215251A22CF4000008B5785 /* LaunchScreen.storyboard in Resources */,
				3215251722CF4000008B5785 /* Assets.xcassets in Resources */,
				3215251222CF3FF8008B5785 /* Main.storyboard in Resources */,
			);
			runOnlyForDeploymentPostprocessing = 0;
		};
/* End PBXResourcesBuildPhase section */

/* Begin PBXSourcesBuildPhase section */
		3215250522CF3FF8008B5785 /* Sources */ = {
			isa = PBXSourcesBuildPhase;
			buildActionMask = 2147483647;
			files = (
				3215251522CF3FF8008B5785 /* TextAnimTry.xcdatamodeld in Sources */,
				3215250F22CF3FF8008B5785 /* ViewController.swift in Sources */,
				3215250D22CF3FF8008B5785 /* AppDelegate.swift in Sources */,
				3215252222CF4127008B5785 /* UIColorExtension.swift in Sources */,
			);
			runOnlyForDeploymentPostprocessing = 0;
		};
/* End PBXSourcesBuildPhase section */

/* Begin PBXVariantGroup section */
		3215251022CF3FF8008B5785 /* Main.storyboard */ = {
			isa = PBXVariantGroup;
			children = (
				3215251122CF3FF8008B5785 /* Base */,
			);
			name = Main.storyboard;
			sourceTree = "<group>";
		};
		3215251822CF4000008B5785 /* LaunchScreen.storyboard */ = {
			isa = PBXVariantGroup;
			children = (
				3215251922CF4000008B5785 /* Base */,
			);
			name = LaunchScreen.storyboard;
			sourceTree = "<group>";
		};
/* End PBXVariantGroup section */

/* Begin XCBuildConfiguration section */
		3215251C22CF4000008B5785 /* Debug */ = {
			isa = XCBuildConfiguration;
			buildSettings = {
				ALWAYS_SEARCH_USER_PATHS = NO;
				CLANG_ANALYZER_NONNULL = YES;
				CLANG_ANALYZER_NUMBER_OBJECT_CONVERSION = YES_AGGRESSIVE;
				CLANG_CXX_LANGUAGE_STANDARD = "gnu++14";
				CLANG_CXX_LIBRARY = "libc++";
				CLANG_ENABLE_MODULES = YES;
				CLANG_ENABLE_OBJC_ARC = YES;
				CLANG_ENABLE_OBJC_WEAK = YES;
				CLANG_WARN_BLOCK_CAPTURE_AUTORELEASING = YES;
				CLANG_WARN_BOOL_CONVERSION = YES;
				CLANG_WARN_COMMA = YES;
				CLANG_WARN_CONSTANT_CONVERSION = YES;
				CLANG_WARN_DEPRECATED_OBJC_IMPLEMENTATIONS = YES;
				CLANG_WARN_DIRECT_OBJC_ISA_USAGE = YES_ERROR;
				CLANG_WARN_DOCUMENTATION_COMMENTS = YES;
				CLANG_WARN_EMPTY_BODY = YES;
				CLANG_WARN_ENUM_CONVERSION = YES;
				CLANG_WARN_INFINITE_RECURSION = YES;
				CLANG_WARN_INT_CONVERSION = YES;
				CLANG_WARN_NON_LITERAL_NULL_CONVERSION = YES;
				CLANG_WARN_OBJC_IMPLICIT_RETAIN_SELF = YES;
				CLANG_WARN_OBJC_LITERAL_CONVERSION = YES;
				CLANG_WARN_OBJC_ROOT_CLASS = YES_ERROR;
				CLANG_WARN_RANGE_LOOP_ANALYSIS = YES;
				CLANG_WARN_STRICT_PROTOTYPES = YES;
				CLANG_WARN_SUSPICIOUS_MOVE = YES;
				CLANG_WARN_UNGUARDED_AVAILABILITY = YES_AGGRESSIVE;
				CLANG_WARN_UNREACHABLE_CODE = YES;
				CLANG_WARN__DUPLICATE_METHOD_MATCH = YES;
				CODE_SIGN_IDENTITY = "iPhone Developer";
				COPY_PHASE_STRIP = NO;
				DEBUG_INFORMATION_FORMAT = dwarf;
				ENABLE_STRICT_OBJC_MSGSEND = YES;
				ENABLE_TESTABILITY = YES;
				GCC_C_LANGUAGE_STANDARD = gnu11;
				GCC_DYNAMIC_NO_PIC = NO;
				GCC_NO_COMMON_BLOCKS = YES;
				GCC_OPTIMIZATION_LEVEL = 0;
				GCC_PREPROCESSOR_DEFINITIONS = (
					"DEBUG=1",
					"$(inherited)",
				);
				GCC_WARN_64_TO_32_BIT_CONVERSION = YES;
				GCC_WARN_ABOUT_RETURN_TYPE = YES_ERROR;
				GCC_WARN_UNDECLARED_SELECTOR = YES;
				GCC_WARN_UNINITIALIZED_AUTOS = YES_AGGRESSIVE;
				GCC_WARN_UNUSED_FUNCTION = YES;
				GCC_WARN_UNUSED_VARIABLE = YES;
				IPHONEOS_DEPLOYMENT_TARGET = 12.2;
				MTL_ENABLE_DEBUG_INFO = INCLUDE_SOURCE;
				MTL_FAST_MATH = YES;
				ONLY_ACTIVE_ARCH = YES;
				SDKROOT = iphoneos;
				SWIFT_ACTIVE_COMPILATION_CONDITIONS = DEBUG;
				SWIFT_OPTIMIZATION_LEVEL = "-Onone";
			};
			name = Debug;
		};
		3215251D22CF4000008B5785 /* Release */ = {
			isa = XCBuildConfiguration;
			buildSettings = {
				ALWAYS_SEARCH_USER_PATHS = NO;
				CLANG_ANALYZER_NONNULL = YES;
				CLANG_ANALYZER_NUMBER_OBJECT_CONVERSION = YES_AGGRESSIVE;
				CLANG_CXX_LANGUAGE_STANDARD = "gnu++14";
				CLANG_CXX_LIBRARY = "libc++";
				CLANG_ENABLE_MODULES = YES;
				CLANG_ENABLE_OBJC_ARC = YES;
				CLANG_ENABLE_OBJC_WEAK = YES;
				CLANG_WARN_BLOCK_CAPTURE_AUTORELEASING = YES;
				CLANG_WARN_BOOL_CONVERSION = YES;
				CLANG_WARN_COMMA = YES;
				CLANG_WARN_CONSTANT_CONVERSION = YES;
				CLANG_WARN_DEPRECATED_OBJC_IMPLEMENTATIONS = YES;
				CLANG_WARN_DIRECT_OBJC_ISA_USAGE = YES_ERROR;
				CLANG_WARN_DOCUMENTATION_COMMENTS = YES;
				CLANG_WARN_EMPTY_BODY = YES;
				CLANG_WARN_ENUM_CONVERSION = YES;
				CLANG_WARN_INFINITE_RECURSION = YES;
				CLANG_WARN_INT_CONVERSION = YES;
				CLANG_WARN_NON_LITERAL_NULL_CONVERSION = YES;
				CLANG_WARN_OBJC_IMPLICIT_RETAIN_SELF = YES;
				CLANG_WARN_OBJC_LITERAL_CONVERSION = YES;
				CLANG_WARN_OBJC_ROOT_CLASS = YES_ERROR;
				CLANG_WARN_RANGE_LOOP_ANALYSIS = YES;
				CLANG_WARN_STRICT_PROTOTYPES = YES;
				CLANG_WARN_SUSPICIOUS_MOVE = YES;
				CLANG_WARN_UNGUARDED_AVAILABILITY = YES_AGGRESSIVE;
				CLANG_WARN_UNREACHABLE_CODE = YES;
				CLANG_WARN__DUPLICATE_METHOD_MATCH = YES;
				CODE_SIGN_IDENTITY = "iPhone Developer";
				COPY_PHASE_STRIP = NO;
				DEBUG_INFORMATION_FORMAT = "dwarf-with-dsym";
				ENABLE_NS_ASSERTIONS = NO;
				ENABLE_STRICT_OBJC_MSGSEND = YES;
				GCC_C_LANGUAGE_STANDARD = gnu11;
				GCC_NO_COMMON_BLOCKS = YES;
				GCC_WARN_64_TO_32_BIT_CONVERSION = YES;
				GCC_WARN_ABOUT_RETURN_TYPE = YES_ERROR;
				GCC_WARN_UNDECLARED_SELECTOR = YES;
				GCC_WARN_UNINITIALIZED_AUTOS = YES_AGGRESSIVE;
				GCC_WARN_UNUSED_FUNCTION = YES;
				GCC_WARN_UNUSED_VARIABLE = YES;
				IPHONEOS_DEPLOYMENT_TARGET = 12.2;
				MTL_ENABLE_DEBUG_INFO = NO;
				MTL_FAST_MATH = YES;
				SDKROOT = iphoneos;
				SWIFT_COMPILATION_MODE = wholemodule;
				SWIFT_OPTIMIZATION_LEVEL = "-O";
				VALIDATE_PRODUCT = YES;
			};
			name = Release;
		};
		3215251F22CF4000008B5785 /* Debug */ = {
			isa = XCBuildConfiguration;
			buildSettings = {
				ASSETCATALOG_COMPILER_APPICON_NAME = AppIcon;
				CODE_SIGN_STYLE = Automatic;
				DEVELOPMENT_TEAM = Z4RBP4LZPR;
				INFOPLIST_FILE = TextAnimTry/Info.plist;
				LD_RUNPATH_SEARCH_PATHS = (
					"$(inherited)",
					"@executable_path/Frameworks",
				);
				PRODUCT_BUNDLE_IDENTIFIER = AlqabbaniOmar.TextAnimTry;
				PRODUCT_NAME = "$(TARGET_NAME)";
				SWIFT_VERSION = 5.0;
				TARGETED_DEVICE_FAMILY = "1,2";
			};
			name = Debug;
		};
		3215252022CF4000008B5785 /* Release */ = {
			isa = XCBuildConfiguration;
			buildSettings = {
				ASSETCATALOG_COMPILER_APPICON_NAME = AppIcon;
				CODE_SIGN_STYLE = Automatic;
				DEVELOPMENT_TEAM = Z4RBP4LZPR;
				INFOPLIST_FILE = TextAnimTry/Info.plist;
				LD_RUNPATH_SEARCH_PATHS = (
					"$(inherited)",
					"@executable_path/Frameworks",
				);
				PRODUCT_BUNDLE_IDENTIFIER = AlqabbaniOmar.TextAnimTry;
				PRODUCT_NAME = "$(TARGET_NAME)";
				SWIFT_VERSION = 5.0;
				TARGETED_DEVICE_FAMILY = "1,2";
			};
			name = Release;
		};
/* End XCBuildConfiguration section */

/* Begin XCConfigurationList section */
		3215250422CF3FF7008B5785 /* Build configuration list for PBXProject "TextAnimTry" */ = {
			isa = XCConfigurationList;
			buildConfigurations = (
				3215251C22CF4000008B5785 /* Debug */,
				3215251D22CF4000008B5785 /* Release */,
			);
			defaultConfigurationIsVisible = 0;
			defaultConfigurationName = Release;
		};
		3215251E22CF4000008B5785 /* Build configuration list for PBXNativeTarget "TextAnimTry" */ = {
			isa = XCConfigurationList;
			buildConfigurations = (
				3215251F22CF4000008B5785 /* Debug */,
				3215252022CF4000008B5785 /* Release */,
			);
			defaultConfigurationIsVisible = 0;
			defaultConfigurationName = Release;
		};
/* End XCConfigurationList section */

/* Begin XCVersionGroup section */
		3215251322CF3FF8008B5785 /* TextAnimTry.xcdatamodeld */ = {
			isa = XCVersionGroup;
			children = (
				3215251422CF3FF8008B5785 /* TextAnimTry.xcdatamodel */,
			);
			currentVersion = 3215251422CF3FF8008B5785 /* TextAnimTry.xcdatamodel */;
			path = TextAnimTry.xcdatamodeld;
			sourceTree = "<group>";
			versionGroupType = wrapper.xcdatamodel;
		};
/* End XCVersionGroup section */
	};
	rootObject = 3215250122CF3FF7008B5785 /* Project object */;
}
